
Microsoft Visual Studio Solution File, Format Version 12.00
# Visual Studio Version 16
VisualStudioVersion = 16.0.29806.167
MinimumVisualStudioVersion = 10.0.40219.1
Project("{9A19103F-16F7-4668-BE54-9A1E7A4F7556}") = "PeerIsland.XMLParser", "PeerIsland.XMLParaser\PeerIsland.XMLParser.csproj", "{D9EB5C9E-9405-4CC0-9668-57E04DEFD318}"
EndProject
Project("{9A19103F-16F7-4668-BE54-9A1E7A4F7556}") = "PeerIsland.XMLParser.Extension", "PeerIsland.XMLParser.Extension\PeerIsland.XMLParser.Extension.csproj", "{2CF41761-526B-4216-84AD-D56B6C847CC1}"
EndProject
Project("{FAE04EC0-301F-11D3-BF4B-00C04F79EFBC}") = "PeerIsland.XMLParser.Tests", "PeerIsland.XMLParser.Tests\PeerIsland.XMLParser.Tests.csproj", "{0B3EE87E-88D4-415C-9483-07FF17E69888}"
EndProject
Global
	GlobalSection(SolutionConfigurationPlatforms) = preSolution
		Debug|Any CPU = Debug|Any CPU
		Release|Any CPU = Release|Any CPU
	EndGlobalSection
	GlobalSection(ProjectConfigurationPlatforms) = postSolution
		{D9EB5C9E-9405-4CC0-9668-57E04DEFD318}.Debug|Any CPU.ActiveCfg = Debug|Any CPU
		{D9EB5C9E-9405-4CC0-9668-57E04DEFD318}.Debug|Any CPU.Build.0 = Debug|Any CPU
		{D9EB5C9E-9405-4CC0-9668-57E04DEFD318}.Release|Any CPU.ActiveCfg = Release|Any CPU
		{D9EB5C9E-9405-4CC0-9668-57E04DEFD318}.Release|Any CPU.Build.0 = Release|Any CPU
		{2CF41761-526B-4216-84AD-D56B6C847CC1}.Debug|Any CPU.ActiveCfg = Debug|Any CPU
		{2CF41761-526B-4216-84AD-D56B6C847CC1}.Debug|Any CPU.Build.0 = Debug|Any CPU
		{2CF41761-526B-4216-84AD-D56B6C847CC1}.Release|Any CPU.ActiveCfg = Release|Any CPU
		{2CF41761-526B-4216-84AD-D56B6C847CC1}.Release|Any CPU.Build.0 = Release|Any CPU
		{0B3EE87E-88D4-415C-9483-07FF17E69888}.Debug|Any CPU.ActiveCfg = Debug|Any CPU
		{0B3EE87E-88D4-415C-9483-07FF17E69888}.Debug|Any CPU.Build.0 = Debug|Any CPU
		{0B3EE87E-88D4-415C-9483-07FF17E69888}.Release|Any CPU.ActiveCfg = Release|Any CPU
		{0B3EE87E-88D4-415C-9483-07FF17E69888}.Release|Any CPU.Build.0 = Release|Any CPU
	EndGlobalSection
	GlobalSection(SolutionProperties) = preSolution
		HideSolutionNode = FALSE
	EndGlobalSection
	GlobalSection(ExtensibilityGlobals) = postSolution
		SolutionGuid = {E16079E6-75AF-450E-B324-C46C50B38464}
	EndGlobalSection
EndGlobal
